
Microsoft Visual Studio Solution File, Format Version 12.00
# Visual Studio Version 16
VisualStudioVersion = 16.0.31313.79
MinimumVisualStudioVersion = 10.0.40219.1
Project("{9A19103F-16F7-4668-BE54-9A1E7A4F7556}") = "CabInvoiceGenerator", "CabInvoiceGenerator.csproj", "{41037DED-C548-4A76-84FB-2E9FB4110043}"
EndProject
Project("{FAE04EC0-301F-11D3-BF4B-00C04F79EFBC}") = "NUnitInvoiceGen.Test", "..\NUnitInvoiceGen.Test\NUnitInvoiceGen.Test.csproj", "{97366D5E-13E9-488A-9BD5-26B0B403F11A}"
EndProject
Global
	GlobalSection(SolutionConfigurationPlatforms) = preSolution
		Debug|Any CPU = Debug|Any CPU
		Release|Any CPU = Release|Any CPU
	EndGlobalSection
	GlobalSection(ProjectConfigurationPlatforms) = postSolution
		{41037DED-C548-4A76-84FB-2E9FB4110043}.Debug|Any CPU.ActiveCfg = Debug|Any CPU
		{41037DED-C548-4A76-84FB-2E9FB4110043}.Debug|Any CPU.Build.0 = Debug|Any CPU
		{41037DED-C548-4A76-84FB-2E9FB4110043}.Release|Any CPU.ActiveCfg = Release|Any CPU
		{41037DED-C548-4A76-84FB-2E9FB4110043}.Release|Any CPU.Build.0 = Release|Any CPU
		{97366D5E-13E9-488A-9BD5-26B0B403F11A}.Debug|Any CPU.ActiveCfg = Debug|Any CPU
		{97366D5E-13E9-488A-9BD5-26B0B403F11A}.Debug|Any CPU.Build.0 = Debug|Any CPU
		{97366D5E-13E9-488A-9BD5-26B0B403F11A}.Release|Any CPU.ActiveCfg = Release|Any CPU
		{97366D5E-13E9-488A-9BD5-26B0B403F11A}.Release|Any CPU.Build.0 = Release|Any CPU
	EndGlobalSection
	GlobalSection(SolutionProperties) = preSolution
		HideSolutionNode = FALSE
	EndGlobalSection
	GlobalSection(ExtensibilityGlobals) = postSolution
		SolutionGuid = {BF166636-0C78-4CB1-8A66-8726F1F87C99}
	EndGlobalSection
EndGlobal
